
Microsoft Visual Studio Solution File, Format Version 12.00
# Visual Studio Version 17
VisualStudioVersion = 17.1.32228.430
MinimumVisualStudioVersion = 10.0.40219.1
Project("{FAE04EC0-301F-11D3-BF4B-00C04F79EFBC}") = "SistemaContableOriginal", "SistemaContableOriginal\SistemaContableOriginal.csproj", "{DFA28DED-882A-4F2A-8A57-BA31A3CA4203}"
EndProject
Global
	GlobalSection(SolutionConfigurationPlatforms) = preSolution
		Debug|Any CPU = Debug|Any CPU
		Release|Any CPU = Release|Any CPU
	EndGlobalSection
	GlobalSection(ProjectConfigurationPlatforms) = postSolution
		{DFA28DED-882A-4F2A-8A57-BA31A3CA4203}.Debug|Any CPU.ActiveCfg = Debug|Any CPU
		{DFA28DED-882A-4F2A-8A57-BA31A3CA4203}.Debug|Any CPU.Build.0 = Debug|Any CPU
		{DFA28DED-882A-4F2A-8A57-BA31A3CA4203}.Release|Any CPU.ActiveCfg = Release|Any CPU
		{DFA28DED-882A-4F2A-8A57-BA31A3CA4203}.Release|Any CPU.Build.0 = Release|Any CPU
	EndGlobalSection
	GlobalSection(SolutionProperties) = preSolution
		HideSolutionNode = FALSE
	EndGlobalSection
	GlobalSection(ExtensibilityGlobals) = postSolution
		SolutionGuid = {FE27DC60-66A5-479F-A331-366F1A59592E}
	EndGlobalSection
EndGlobal
